// !$*UTF8*$!
{
	archiveVersion = 1;
	classes = {
	};
	objectVersion = 77;
	objects = {

/* Begin PBXContainerItemProxy section */
		32A8E69C2D5D0435002EED95 /* PBXContainerItemProxy */ = {
			isa = PBXContainerItemProxy;
			containerPortal = 9463109D2D53C91C00D7E49B /* Project object */;
			proxyType = 1;
			remoteGlobalIDString = 946310A42D53C91C00D7E49B;
			remoteInfo = "Household Management";
		};
		946310B62D53C91E00D7E49B /* PBXContainerItemProxy */ = {
			isa = PBXContainerItemProxy;
			containerPortal = 9463109D2D53C91C00D7E49B /* Project object */;
			proxyType = 1;
			remoteGlobalIDString = 946310A42D53C91C00D7E49B;
			remoteInfo = "Household Management";
		};
		946310C02D53C91E00D7E49B /* PBXContainerItemProxy */ = {
			isa = PBXContainerItemProxy;
			containerPortal = 9463109D2D53C91C00D7E49B /* Project object */;
			proxyType = 1;
			remoteGlobalIDString = 946310A42D53C91C00D7E49B;
			remoteInfo = "Household Management";
		};
/* End PBXContainerItemProxy section */

/* Begin PBXFileReference section */
		32A8E6982D5D0434002EED95 /* ChoreTests.xctest */ = {isa = PBXFileReference; explicitFileType = wrapper.cfbundle; includeInIndex = 0; path = ChoreTests.xctest; sourceTree = BUILT_PRODUCTS_DIR; };
		946310A52D53C91C00D7E49B /* Household Management.app */ = {isa = PBXFileReference; explicitFileType = wrapper.application; includeInIndex = 0; path = "Household Management.app"; sourceTree = BUILT_PRODUCTS_DIR; };
		946310B52D53C91E00D7E49B /* Household ManagementTests.xctest */ = {isa = PBXFileReference; explicitFileType = wrapper.cfbundle; includeInIndex = 0; path = "Household ManagementTests.xctest"; sourceTree = BUILT_PRODUCTS_DIR; };
		946310BF2D53C91E00D7E49B /* Household ManagementUITests.xctest */ = {isa = PBXFileReference; explicitFileType = wrapper.cfbundle; includeInIndex = 0; path = "Household ManagementUITests.xctest"; sourceTree = BUILT_PRODUCTS_DIR; };
		C307CE5D2D748DF70063AA12 /* Household Management.xctestplan */ = {isa = PBXFileReference; lastKnownFileType = text; path = "Household Management.xctestplan"; sourceTree = "<group>"; };
/* End PBXFileReference section */

/* Begin PBXFileSystemSynchronizedRootGroup section */
		946310A72D53C91C00D7E49B /* Household Management */ = {
			isa = PBXFileSystemSynchronizedRootGroup;
			path = "Household Management";
			sourceTree = "<group>";
		};
		946310B82D53C91E00D7E49B /* Household ManagementTests */ = {
			isa = PBXFileSystemSynchronizedRootGroup;
			path = "Household ManagementTests";
			sourceTree = "<group>";
		};
		946310C22D53C91E00D7E49B /* Household ManagementUITests */ = {
			isa = PBXFileSystemSynchronizedRootGroup;
			path = "Household ManagementUITests";
			sourceTree = "<group>";
		};
/* End PBXFileSystemSynchronizedRootGroup section */

/* Begin PBXFrameworksBuildPhase section */
		32A8E6952D5D0434002EED95 /* Frameworks */ = {
			isa = PBXFrameworksBuildPhase;
			buildActionMask = 2147483647;
			files = (
			);
			runOnlyForDeploymentPostprocessing = 0;
		};
		946310A22D53C91C00D7E49B /* Frameworks */ = {
			isa = PBXFrameworksBuildPhase;
			buildActionMask = 2147483647;
			files = (
			);
			runOnlyForDeploymentPostprocessing = 0;
		};
		946310B22D53C91E00D7E49B /* Frameworks */ = {
			isa = PBXFrameworksBuildPhase;
			buildActionMask = 2147483647;
			files = (
			);
			runOnlyForDeploymentPostprocessing = 0;
		};
		946310BC2D53C91E00D7E49B /* Frameworks */ = {
			isa = PBXFrameworksBuildPhase;
			buildActionMask = 2147483647;
			files = (
			);
			runOnlyForDeploymentPostprocessing = 0;
		};
/* End PBXFrameworksBuildPhase section */

/* Begin PBXGroup section */
		9463109C2D53C91C00D7E49B = {
			isa = PBXGroup;
			children = (
				C307CE5D2D748DF70063AA12 /* Household Management.xctestplan */,
				946310A72D53C91C00D7E49B /* Household Management */,
				946310B82D53C91E00D7E49B /* Household ManagementTests */,
				946310C22D53C91E00D7E49B /* Household ManagementUITests */,
				946310A62D53C91C00D7E49B /* Products */,
			);
			sourceTree = "<group>";
		};
		946310A62D53C91C00D7E49B /* Products */ = {
			isa = PBXGroup;
			children = (
				946310A52D53C91C00D7E49B /* Household Management.app */,
				946310B52D53C91E00D7E49B /* Household ManagementTests.xctest */,
				946310BF2D53C91E00D7E49B /* Household ManagementUITests.xctest */,
				32A8E6982D5D0434002EED95 /* ChoreTests.xctest */,
			);
			name = Products;
			sourceTree = "<group>";
		};
/* End PBXGroup section */

/* Begin PBXNativeTarget section */
		32A8E6972D5D0434002EED95 /* ChoreTests */ = {
			isa = PBXNativeTarget;
			buildConfigurationList = 32A8E6A02D5D0435002EED95 /* Build configuration list for PBXNativeTarget "ChoreTests" */;
			buildPhases = (
				32A8E6942D5D0434002EED95 /* Sources */,
				32A8E6952D5D0434002EED95 /* Frameworks */,
				32A8E6962D5D0434002EED95 /* Resources */,
			);
			buildRules = (
			);
			dependencies = (
				32A8E69D2D5D0435002EED95 /* PBXTargetDependency */,
			);
			name = ChoreTests;
			packageProductDependencies = (
			);
			productName = ChoreTests;
			productReference = 32A8E6982D5D0434002EED95 /* ChoreTests.xctest */;
			productType = "com.apple.product-type.bundle.unit-test";
		};
		946310A42D53C91C00D7E49B /* Household Management */ = {
			isa = PBXNativeTarget;
			buildConfigurationList = 946310C92D53C91E00D7E49B /* Build configuration list for PBXNativeTarget "Household Management" */;
			buildPhases = (
				946310A12D53C91C00D7E49B /* Sources */,
				946310A22D53C91C00D7E49B /* Frameworks */,
				946310A32D53C91C00D7E49B /* Resources */,
			);
			buildRules = (
			);
			dependencies = (
			);
			fileSystemSynchronizedGroups = (
				946310A72D53C91C00D7E49B /* Household Management */,
			);
			name = "Household Management";
			packageProductDependencies = (
			);
			productName = "Household Management";
			productReference = 946310A52D53C91C00D7E49B /* Household Management.app */;
			productType = "com.apple.product-type.application";
		};
		946310B42D53C91E00D7E49B /* Household ManagementTests */ = {
			isa = PBXNativeTarget;
			buildConfigurationList = 946310CC2D53C91E00D7E49B /* Build configuration list for PBXNativeTarget "Household ManagementTests" */;
			buildPhases = (
				946310B12D53C91E00D7E49B /* Sources */,
				946310B22D53C91E00D7E49B /* Frameworks */,
				946310B32D53C91E00D7E49B /* Resources */,
			);
			buildRules = (
			);
			dependencies = (
				946310B72D53C91E00D7E49B /* PBXTargetDependency */,
			);
			fileSystemSynchronizedGroups = (
				946310B82D53C91E00D7E49B /* Household ManagementTests */,
			);
			name = "Household ManagementTests";
			packageProductDependencies = (
			);
			productName = "Household ManagementTests";
			productReference = 946310B52D53C91E00D7E49B /* Household ManagementTests.xctest */;
			productType = "com.apple.product-type.bundle.unit-test";
		};
		946310BE2D53C91E00D7E49B /* Household ManagementUITests */ = {
			isa = PBXNativeTarget;
			buildConfigurationList = 946310CF2D53C91E00D7E49B /* Build configuration list for PBXNativeTarget "Household ManagementUITests" */;
			buildPhases = (
				946310BB2D53C91E00D7E49B /* Sources */,
				946310BC2D53C91E00D7E49B /* Frameworks */,
				946310BD2D53C91E00D7E49B /* Resources */,
			);
			buildRules = (
			);
			dependencies = (
				946310C12D53C91E00D7E49B /* PBXTargetDependency */,
			);
			fileSystemSynchronizedGroups = (
				946310C22D53C91E00D7E49B /* Household ManagementUITests */,
			);
			name = "Household ManagementUITests";
			packageProductDependencies = (
			);
			productName = "Household ManagementUITests";
			productReference = 946310BF2D53C91E00D7E49B /* Household ManagementUITests.xctest */;
			productType = "com.apple.product-type.bundle.ui-testing";
		};
/* End PBXNativeTarget section */

/* Begin PBXProject section */
		9463109D2D53C91C00D7E49B /* Project object */ = {
			isa = PBXProject;
			attributes = {
				BuildIndependentTargetsInParallel = 1;
				LastSwiftUpdateCheck = 1620;
				LastUpgradeCheck = 1600;
				TargetAttributes = {
					32A8E6972D5D0434002EED95 = {
						CreatedOnToolsVersion = 16.2;
						TestTargetID = 946310A42D53C91C00D7E49B;
					};
					946310A42D53C91C00D7E49B = {
						CreatedOnToolsVersion = 16.0;
					};
					946310B42D53C91E00D7E49B = {
						CreatedOnToolsVersion = 16.0;
						TestTargetID = 946310A42D53C91C00D7E49B;
					};
					946310BE2D53C91E00D7E49B = {
						CreatedOnToolsVersion = 16.0;
						TestTargetID = 946310A42D53C91C00D7E49B;
					};
				};
			};
			buildConfigurationList = 946310A02D53C91C00D7E49B /* Build configuration list for PBXProject "Household Management" */;
			developmentRegion = en;
			hasScannedForEncodings = 0;
			knownRegions = (
				en,
				Base,
			);
			mainGroup = 9463109C2D53C91C00D7E49B;
			minimizedProjectReferenceProxies = 1;
			preferredProjectObjectVersion = 77;
			productRefGroup = 946310A62D53C91C00D7E49B /* Products */;
			projectDirPath = "";
			projectRoot = "";
			targets = (
				946310A42D53C91C00D7E49B /* Household Management */,
				946310B42D53C91E00D7E49B /* Household ManagementTests */,
				946310BE2D53C91E00D7E49B /* Household ManagementUITests */,
				32A8E6972D5D0434002EED95 /* ChoreTests */,
			);
		};
/* End PBXProject section */

/* Begin PBXResourcesBuildPhase section */
		32A8E6962D5D0434002EED95 /* Resources */ = {
			isa = PBXResourcesBuildPhase;
			buildActionMask = 2147483647;
			files = (
			);
			runOnlyForDeploymentPostprocessing = 0;
		};
		946310A32D53C91C00D7E49B /* Resources */ = {
			isa = PBXResourcesBuildPhase;
			buildActionMask = 2147483647;
			files = (
			);
			runOnlyForDeploymentPostprocessing = 0;
		};
		946310B32D53C91E00D7E49B /* Resources */ = {
			isa = PBXResourcesBuildPhase;
			buildActionMask = 2147483647;
			files = (
			);
			runOnlyForDeploymentPostprocessing = 0;
		};
		946310BD2D53C91E00D7E49B /* Resources */ = {
			isa = PBXResourcesBuildPhase;
			buildActionMask = 2147483647;
			files = (
			);
			runOnlyForDeploymentPostprocessing = 0;
		};
/* End PBXResourcesBuildPhase section */

/* Begin PBXSourcesBuildPhase section */
		32A8E6942D5D0434002EED95 /* Sources */ = {
			isa = PBXSourcesBuildPhase;
			buildActionMask = 2147483647;
			files = (
			);
			runOnlyForDeploymentPostprocessing = 0;
		};
		946310A12D53C91C00D7E49B /* Sources */ = {
			isa = PBXSourcesBuildPhase;
			buildActionMask = 2147483647;
			files = (
			);
			runOnlyForDeploymentPostprocessing = 0;
		};
		946310B12D53C91E00D7E49B /* Sources */ = {
			isa = PBXSourcesBuildPhase;
			buildActionMask = 2147483647;
			files = (
			);
			runOnlyForDeploymentPostprocessing = 0;
		};
		946310BB2D53C91E00D7E49B /* Sources */ = {
			isa = PBXSourcesBuildPhase;
			buildActionMask = 2147483647;
			files = (
			);
			runOnlyForDeploymentPostprocessing = 0;
		};
/* End PBXSourcesBuildPhase section */

/* Begin PBXTargetDependency section */
		32A8E69D2D5D0435002EED95 /* PBXTargetDependency */ = {
			isa = PBXTargetDependency;
			target = 946310A42D53C91C00D7E49B /* Household Management */;
			targetProxy = 32A8E69C2D5D0435002EED95 /* PBXContainerItemProxy */;
		};
		946310B72D53C91E00D7E49B /* PBXTargetDependency */ = {
			isa = PBXTargetDependency;
			target = 946310A42D53C91C00D7E49B /* Household Management */;
			targetProxy = 946310B62D53C91E00D7E49B /* PBXContainerItemProxy */;
		};
		946310C12D53C91E00D7E49B /* PBXTargetDependency */ = {
			isa = PBXTargetDependency;
			target = 946310A42D53C91C00D7E49B /* Household Management */;
			targetProxy = 946310C02D53C91E00D7E49B /* PBXContainerItemProxy */;
		};
/* End PBXTargetDependency section */

/* Begin XCBuildConfiguration section */
		32A8E69E2D5D0435002EED95 /* Debug */ = {
			isa = XCBuildConfiguration;
			buildSettings = {
				BUNDLE_LOADER = "$(TEST_HOST)";
				CODE_SIGN_STYLE = Automatic;
				CURRENT_PROJECT_VERSION = 1;
				GENERATE_INFOPLIST_FILE = YES;
				IPHONEOS_DEPLOYMENT_TARGET = 18.2;
				MARKETING_VERSION = 1.0;
				PRODUCT_BUNDLE_IDENTIFIER = SE.ChoreTests;
				PRODUCT_NAME = "$(TARGET_NAME)";
				SWIFT_EMIT_LOC_STRINGS = NO;
				SWIFT_VERSION = 5.0;
				TARGETED_DEVICE_FAMILY = "1,2";
				TEST_HOST = "$(BUILT_PRODUCTS_DIR)/Household Management.app/$(BUNDLE_EXECUTABLE_FOLDER_PATH)/Household Management";
			};
			name = Debug;
		};
		32A8E69F2D5D0435002EED95 /* Release */ = {
			isa = XCBuildConfiguration;
			buildSettings = {
				BUNDLE_LOADER = "$(TEST_HOST)";
				CODE_SIGN_STYLE = Automatic;
				CURRENT_PROJECT_VERSION = 1;
				GENERATE_INFOPLIST_FILE = YES;
				IPHONEOS_DEPLOYMENT_TARGET = 18.2;
				MARKETING_VERSION = 1.0;
				PRODUCT_BUNDLE_IDENTIFIER = SE.ChoreTests;
				PRODUCT_NAME = "$(TARGET_NAME)";
				SWIFT_EMIT_LOC_STRINGS = NO;
				SWIFT_VERSION = 5.0;
				TARGETED_DEVICE_FAMILY = "1,2";
				TEST_HOST = "$(BUILT_PRODUCTS_DIR)/Household Management.app/$(BUNDLE_EXECUTABLE_FOLDER_PATH)/Household Management";
			};
			name = Release;
		};
		946310C72D53C91E00D7E49B /* Debug */ = {
			isa = XCBuildConfiguration;
			buildSettings = {
				ALWAYS_SEARCH_USER_PATHS = NO;
				ASSETCATALOG_COMPILER_GENERATE_SWIFT_ASSET_SYMBOL_EXTENSIONS = YES;
				CLANG_ANALYZER_NONNULL = YES;
				CLANG_ANALYZER_NUMBER_OBJECT_CONVERSION = YES_AGGRESSIVE;
				CLANG_CXX_LANGUAGE_STANDARD = "gnu++20";
				CLANG_ENABLE_MODULES = YES;
				CLANG_ENABLE_OBJC_ARC = YES;
				CLANG_ENABLE_OBJC_WEAK = YES;
				CLANG_WARN_BLOCK_CAPTURE_AUTORELEASING = YES;
				CLANG_WARN_BOOL_CONVERSION = YES;
				CLANG_WARN_COMMA = YES;
				CLANG_WARN_CONSTANT_CONVERSION = YES;
				CLANG_WARN_DEPRECATED_OBJC_IMPLEMENTATIONS = YES;
				CLANG_WARN_DIRECT_OBJC_ISA_USAGE = YES_ERROR;
				CLANG_WARN_DOCUMENTATION_COMMENTS = YES;
				CLANG_WARN_EMPTY_BODY = YES;
				CLANG_WARN_ENUM_CONVERSION = YES;
				CLANG_WARN_INFINITE_RECURSION = YES;
				CLANG_WARN_INT_CONVERSION = YES;
				CLANG_WARN_NON_LITERAL_NULL_CONVERSION = YES;
				CLANG_WARN_OBJC_IMPLICIT_RETAIN_SELF = YES;
				CLANG_WARN_OBJC_LITERAL_CONVERSION = YES;
				CLANG_WARN_OBJC_ROOT_CLASS = YES_ERROR;
				CLANG_WARN_QUOTED_INCLUDE_IN_FRAMEWORK_HEADER = YES;
				CLANG_WARN_RANGE_LOOP_ANALYSIS = YES;
				CLANG_WARN_STRICT_PROTOTYPES = YES;
				CLANG_WARN_SUSPICIOUS_MOVE = YES;
				CLANG_WARN_UNGUARDED_AVAILABILITY = YES_AGGRESSIVE;
				CLANG_WARN_UNREACHABLE_CODE = YES;
				CLANG_WARN__DUPLICATE_METHOD_MATCH = YES;
				COPY_PHASE_STRIP = NO;
				DEBUG_INFORMATION_FORMAT = dwarf;
				ENABLE_STRICT_OBJC_MSGSEND = YES;
				ENABLE_TESTABILITY = YES;
				ENABLE_USER_SCRIPT_SANDBOXING = YES;
				GCC_C_LANGUAGE_STANDARD = gnu17;
				GCC_DYNAMIC_NO_PIC = NO;
				GCC_NO_COMMON_BLOCKS = YES;
				GCC_OPTIMIZATION_LEVEL = 0;
				GCC_PREPROCESSOR_DEFINITIONS = (
					"DEBUG=1",
					"$(inherited)",
				);
				GCC_WARN_64_TO_32_BIT_CONVERSION = YES;
				GCC_WARN_ABOUT_RETURN_TYPE = YES_ERROR;
				GCC_WARN_UNDECLARED_SELECTOR = YES;
				GCC_WARN_UNINITIALIZED_AUTOS = YES_AGGRESSIVE;
				GCC_WARN_UNUSED_FUNCTION = YES;
				GCC_WARN_UNUSED_VARIABLE = YES;
				IPHONEOS_DEPLOYMENT_TARGET = 18.0;
				LOCALIZATION_PREFERS_STRING_CATALOGS = YES;
				MTL_ENABLE_DEBUG_INFO = INCLUDE_SOURCE;
				MTL_FAST_MATH = YES;
				ONLY_ACTIVE_ARCH = YES;
				SDKROOT = iphoneos;
				SWIFT_ACTIVE_COMPILATION_CONDITIONS = "DEBUG $(inherited)";
				SWIFT_OPTIMIZATION_LEVEL = "-Onone";
			};
			name = Debug;
		};
		946310C82D53C91E00D7E49B /* Release */ = {
			isa = XCBuildConfiguration;
			buildSettings = {
				ALWAYS_SEARCH_USER_PATHS = NO;
				ASSETCATALOG_COMPILER_GENERATE_SWIFT_ASSET_SYMBOL_EXTENSIONS = YES;
				CLANG_ANALYZER_NONNULL = YES;
				CLANG_ANALYZER_NUMBER_OBJECT_CONVERSION = YES_AGGRESSIVE;
				CLANG_CXX_LANGUAGE_STANDARD = "gnu++20";
				CLANG_ENABLE_MODULES = YES;
				CLANG_ENABLE_OBJC_ARC = YES;
				CLANG_ENABLE_OBJC_WEAK = YES;
				CLANG_WARN_BLOCK_CAPTURE_AUTORELEASING = YES;
				CLANG_WARN_BOOL_CONVERSION = YES;
				CLANG_WARN_COMMA = YES;
				CLANG_WARN_CONSTANT_CONVERSION = YES;
				CLANG_WARN_DEPRECATED_OBJC_IMPLEMENTATIONS = YES;
				CLANG_WARN_DIRECT_OBJC_ISA_USAGE = YES_ERROR;
				CLANG_WARN_DOCUMENTATION_COMMENTS = YES;
				CLANG_WARN_EMPTY_BODY = YES;
				CLANG_WARN_ENUM_CONVERSION = YES;
				CLANG_WARN_INFINITE_RECURSION = YES;
				CLANG_WARN_INT_CONVERSION = YES;
				CLANG_WARN_NON_LITERAL_NULL_CONVERSION = YES;
				CLANG_WARN_OBJC_IMPLICIT_RETAIN_SELF = YES;
				CLANG_WARN_OBJC_LITERAL_CONVERSION = YES;
				CLANG_WARN_OBJC_ROOT_CLASS = YES_ERROR;
				CLANG_WARN_QUOTED_INCLUDE_IN_FRAMEWORK_HEADER = YES;
				CLANG_WARN_RANGE_LOOP_ANALYSIS = YES;
				CLANG_WARN_STRICT_PROTOTYPES = YES;
				CLANG_WARN_SUSPICIOUS_MOVE = YES;
				CLANG_WARN_UNGUARDED_AVAILABILITY = YES_AGGRESSIVE;
				CLANG_WARN_UNREACHABLE_CODE = YES;
				CLANG_WARN__DUPLICATE_METHOD_MATCH = YES;
				COPY_PHASE_STRIP = NO;
				DEBUG_INFORMATION_FORMAT = "dwarf-with-dsym";
				ENABLE_NS_ASSERTIONS = NO;
				ENABLE_STRICT_OBJC_MSGSEND = YES;
				ENABLE_USER_SCRIPT_SANDBOXING = YES;
				GCC_C_LANGUAGE_STANDARD = gnu17;
				GCC_NO_COMMON_BLOCKS = YES;
				GCC_WARN_64_TO_32_BIT_CONVERSION = YES;
				GCC_WARN_ABOUT_RETURN_TYPE = YES_ERROR;
				GCC_WARN_UNDECLARED_SELECTOR = YES;
				GCC_WARN_UNINITIALIZED_AUTOS = YES_AGGRESSIVE;
				GCC_WARN_UNUSED_FUNCTION = YES;
				GCC_WARN_UNUSED_VARIABLE = YES;
				IPHONEOS_DEPLOYMENT_TARGET = 18.0;
				LOCALIZATION_PREFERS_STRING_CATALOGS = YES;
				MTL_ENABLE_DEBUG_INFO = NO;
				MTL_FAST_MATH = YES;
				SDKROOT = iphoneos;
				SWIFT_COMPILATION_MODE = wholemodule;
				VALIDATE_PRODUCT = YES;
			};
			name = Release;
		};
		946310CA2D53C91E00D7E49B /* Debug */ = {
			isa = XCBuildConfiguration;
			buildSettings = {
				ASSETCATALOG_COMPILER_APPICON_NAME = AppIcon;
				ASSETCATALOG_COMPILER_GLOBAL_ACCENT_COLOR_NAME = AccentColor;
				CODE_SIGN_STYLE = Automatic;
				CURRENT_PROJECT_VERSION = 1;
				DEVELOPMENT_ASSET_PATHS = "\"Household Management/Preview Content\"";
				ENABLE_PREVIEWS = YES;
				GENERATE_INFOPLIST_FILE = YES;
				INFOPLIST_KEY_UIApplicationSceneManifest_Generation = YES;
				INFOPLIST_KEY_UIApplicationSupportsIndirectInputEvents = YES;
				INFOPLIST_KEY_UILaunchScreen_Generation = YES;
				INFOPLIST_KEY_UISupportedInterfaceOrientations_iPad = "UIInterfaceOrientationPortrait UIInterfaceOrientationPortraitUpsideDown UIInterfaceOrientationLandscapeLeft UIInterfaceOrientationLandscapeRight";
				INFOPLIST_KEY_UISupportedInterfaceOrientations_iPhone = "UIInterfaceOrientationPortrait UIInterfaceOrientationLandscapeLeft UIInterfaceOrientationLandscapeRight";
				LD_RUNPATH_SEARCH_PATHS = (
					"$(inherited)",
					"@executable_path/Frameworks",
				);
				MARKETING_VERSION = 1.0;
				PRODUCT_BUNDLE_IDENTIFIER = "UOBathCS.Household-Management";
				PRODUCT_NAME = "$(TARGET_NAME)";
				SWIFT_EMIT_LOC_STRINGS = YES;
				SWIFT_VERSION = 5.0;
				TARGETED_DEVICE_FAMILY = "1,2";
			};
			name = Debug;
		};
		946310CB2D53C91E00D7E49B /* Release */ = {
			isa = XCBuildConfiguration;
			buildSettings = {
				ASSETCATALOG_COMPILER_APPICON_NAME = AppIcon;
				ASSETCATALOG_COMPILER_GLOBAL_ACCENT_COLOR_NAME = AccentColor;
				CODE_SIGN_STYLE = Automatic;
				CURRENT_PROJECT_VERSION = 1;
				DEVELOPMENT_ASSET_PATHS = "\"Household Management/Preview Content\"";
				ENABLE_PREVIEWS = YES;
				GENERATE_INFOPLIST_FILE = YES;
				INFOPLIST_KEY_UIApplicationSceneManifest_Generation = YES;
				INFOPLIST_KEY_UIApplicationSupportsIndirectInputEvents = YES;
				INFOPLIST_KEY_UILaunchScreen_Generation = YES;
				INFOPLIST_KEY_UISupportedInterfaceOrientations_iPad = "UIInterfaceOrientationPortrait UIInterfaceOrientationPortraitUpsideDown UIInterfaceOrientationLandscapeLeft UIInterfaceOrientationLandscapeRight";
				INFOPLIST_KEY_UISupportedInterfaceOrientations_iPhone = "UIInterfaceOrientationPortrait UIInterfaceOrientationLandscapeLeft UIInterfaceOrientationLandscapeRight";
				LD_RUNPATH_SEARCH_PATHS = (
					"$(inherited)",
					"@executable_path/Frameworks",
				);
				MARKETING_VERSION = 1.0;
				PRODUCT_BUNDLE_IDENTIFIER = "UOBathCS.Household-Management";
				PRODUCT_NAME = "$(TARGET_NAME)";
				SWIFT_EMIT_LOC_STRINGS = YES;
				SWIFT_VERSION = 5.0;
				TARGETED_DEVICE_FAMILY = "1,2";
			};
			name = Release;
		};
		946310CD2D53C91E00D7E49B /* Debug */ = {
			isa = XCBuildConfiguration;
			buildSettings = {
				BUNDLE_LOADER = "$(TEST_HOST)";
				CODE_SIGN_STYLE = Automatic;
				CURRENT_PROJECT_VERSION = 1;
				GENERATE_INFOPLIST_FILE = YES;
				IPHONEOS_DEPLOYMENT_TARGET = 18.0;
				MARKETING_VERSION = 1.0;
				PRODUCT_BUNDLE_IDENTIFIER = "UOBathCS.Household-ManagementTests";
				PRODUCT_NAME = "$(TARGET_NAME)";
				SWIFT_EMIT_LOC_STRINGS = NO;
				SWIFT_VERSION = 5.0;
				TARGETED_DEVICE_FAMILY = "1,2";
				TEST_HOST = "$(BUILT_PRODUCTS_DIR)/Household Management.app/$(BUNDLE_EXECUTABLE_FOLDER_PATH)/Household Management";
			};
			name = Debug;
		};
		946310CE2D53C91E00D7E49B /* Release */ = {
			isa = XCBuildConfiguration;
			buildSettings = {
				BUNDLE_LOADER = "$(TEST_HOST)";
				CODE_SIGN_STYLE = Automatic;
				CURRENT_PROJECT_VERSION = 1;
				GENERATE_INFOPLIST_FILE = YES;
				IPHONEOS_DEPLOYMENT_TARGET = 18.0;
				MARKETING_VERSION = 1.0;
				PRODUCT_BUNDLE_IDENTIFIER = "UOBathCS.Household-ManagementTests";
				PRODUCT_NAME = "$(TARGET_NAME)";
				SWIFT_EMIT_LOC_STRINGS = NO;
				SWIFT_VERSION = 5.0;
				TARGETED_DEVICE_FAMILY = "1,2";
				TEST_HOST = "$(BUILT_PRODUCTS_DIR)/Household Management.app/$(BUNDLE_EXECUTABLE_FOLDER_PATH)/Household Management";
			};
			name = Release;
		};
		946310D02D53C91E00D7E49B /* Debug */ = {
			isa = XCBuildConfiguration;
			buildSettings = {
				CODE_SIGN_STYLE = Automatic;
				CURRENT_PROJECT_VERSION = 1;
				GENERATE_INFOPLIST_FILE = YES;
				MARKETING_VERSION = 1.0;
				PRODUCT_BUNDLE_IDENTIFIER = "UOBathCS.Household-ManagementUITests";
				PRODUCT_NAME = "$(TARGET_NAME)";
				SWIFT_EMIT_LOC_STRINGS = NO;
				SWIFT_VERSION = 5.0;
				TARGETED_DEVICE_FAMILY = "1,2";
				TEST_TARGET_NAME = "Household Management";
			};
			name = Debug;
		};
		946310D12D53C91E00D7E49B /* Release */ = {
			isa = XCBuildConfiguration;
			buildSettings = {
				CODE_SIGN_STYLE = Automatic;
				CURRENT_PROJECT_VERSION = 1;
				GENERATE_INFOPLIST_FILE = YES;
				MARKETING_VERSION = 1.0;
				PRODUCT_BUNDLE_IDENTIFIER = "UOBathCS.Household-ManagementUITests";
				PRODUCT_NAME = "$(TARGET_NAME)";
				SWIFT_EMIT_LOC_STRINGS = NO;
				SWIFT_VERSION = 5.0;
				TARGETED_DEVICE_FAMILY = "1,2";
				TEST_TARGET_NAME = "Household Management";
			};
			name = Release;
		};
/* End XCBuildConfiguration section */

/* Begin XCConfigurationList section */
		32A8E6A02D5D0435002EED95 /* Build configuration list for PBXNativeTarget "ChoreTests" */ = {
			isa = XCConfigurationList;
			buildConfigurations = (
				32A8E69E2D5D0435002EED95 /* Debug */,
				32A8E69F2D5D0435002EED95 /* Release */,
			);
			defaultConfigurationIsVisible = 0;
			defaultConfigurationName = Release;
		};
		946310A02D53C91C00D7E49B /* Build configuration list for PBXProject "Household Management" */ = {
			isa = XCConfigurationList;
			buildConfigurations = (
				946310C72D53C91E00D7E49B /* Debug */,
				946310C82D53C91E00D7E49B /* Release */,
			);
			defaultConfigurationIsVisible = 0;
			defaultConfigurationName = Release;
		};
		946310C92D53C91E00D7E49B /* Build configuration list for PBXNativeTarget "Household Management" */ = {
			isa = XCConfigurationList;
			buildConfigurations = (
				946310CA2D53C91E00D7E49B /* Debug */,
				946310CB2D53C91E00D7E49B /* Release */,
			);
			defaultConfigurationIsVisible = 0;
			defaultConfigurationName = Release;
		};
		946310CC2D53C91E00D7E49B /* Build configuration list for PBXNativeTarget "Household ManagementTests" */ = {
			isa = XCConfigurationList;
			buildConfigurations = (
				946310CD2D53C91E00D7E49B /* Debug */,
				946310CE2D53C91E00D7E49B /* Release */,
			);
			defaultConfigurationIsVisible = 0;
			defaultConfigurationName = Release;
		};
		946310CF2D53C91E00D7E49B /* Build configuration list for PBXNativeTarget "Household ManagementUITests" */ = {
			isa = XCConfigurationList;
			buildConfigurations = (
				946310D02D53C91E00D7E49B /* Debug */,
				946310D12D53C91E00D7E49B /* Release */,
			);
			defaultConfigurationIsVisible = 0;
			defaultConfigurationName = Release;
		};
/* End XCConfigurationList section */
	};
	rootObject = 9463109D2D53C91C00D7E49B /* Project object */;
}
